
Microsoft Visual Studio Solution File, Format Version 12.00
# Visual Studio Version 16
VisualStudioVersion = 16.0.30717.126
MinimumVisualStudioVersion = 10.0.40219.1
Project("{8BC9CEB8-8B4A-11D0-8D11-00A0C91BC942}") = "notatnik", "notatnik\notatnik.vcxproj", "{027BFB02-6743-4654-8870-C679F1542BD5}"
EndProject
Global
	GlobalSection(SolutionConfigurationPlatforms) = preSolution
		Debug|x64 = Debug|x64
		Debug|x86 = Debug|x86
		Release|x64 = Release|x64
		Release|x86 = Release|x86
	EndGlobalSection
	GlobalSection(ProjectConfigurationPlatforms) = postSolution
		{027BFB02-6743-4654-8870-C679F1542BD5}.Debug|x64.ActiveCfg = Debug|x64
		{027BFB02-6743-4654-8870-C679F1542BD5}.Debug|x64.Build.0 = Debug|x64
		{027BFB02-6743-4654-8870-C679F1542BD5}.Debug|x86.ActiveCfg = Debug|Win32
		{027BFB02-6743-4654-8870-C679F1542BD5}.Debug|x86.Build.0 = Debug|Win32
		{027BFB02-6743-4654-8870-C679F1542BD5}.Release|x64.ActiveCfg = Release|x64
		{027BFB02-6743-4654-8870-C679F1542BD5}.Release|x64.Build.0 = Release|x64
		{027BFB02-6743-4654-8870-C679F1542BD5}.Release|x86.ActiveCfg = Release|Win32
		{027BFB02-6743-4654-8870-C679F1542BD5}.Release|x86.Build.0 = Release|Win32
	EndGlobalSection
	GlobalSection(SolutionProperties) = preSolution
		HideSolutionNode = FALSE
	EndGlobalSection
	GlobalSection(ExtensibilityGlobals) = postSolution
		SolutionGuid = {B8CF813F-9632-4AB2-B7F7-BF052A5B0376}
	EndGlobalSection
EndGlobal
