
Microsoft Visual Studio Solution File, Format Version 12.00
# Visual Studio Version 16
VisualStudioVersion = 16.0.30621.155
MinimumVisualStudioVersion = 10.0.40219.1
Project("{FAE04EC0-301F-11D3-BF4B-00C04F79EFBC}") = "Owoce", "Owoce\Owoce.csproj", "{D1519FEE-D15F-43C6-A1DE-84235165206E}"
EndProject
Global
	GlobalSection(SolutionConfigurationPlatforms) = preSolution
		Debug|Any CPU = Debug|Any CPU
		Release|Any CPU = Release|Any CPU
	EndGlobalSection
	GlobalSection(ProjectConfigurationPlatforms) = postSolution
		{D1519FEE-D15F-43C6-A1DE-84235165206E}.Debug|Any CPU.ActiveCfg = Debug|Any CPU
		{D1519FEE-D15F-43C6-A1DE-84235165206E}.Debug|Any CPU.Build.0 = Debug|Any CPU
		{D1519FEE-D15F-43C6-A1DE-84235165206E}.Release|Any CPU.ActiveCfg = Release|Any CPU
		{D1519FEE-D15F-43C6-A1DE-84235165206E}.Release|Any CPU.Build.0 = Release|Any CPU
	EndGlobalSection
	GlobalSection(SolutionProperties) = preSolution
		HideSolutionNode = FALSE
	EndGlobalSection
	GlobalSection(ExtensibilityGlobals) = postSolution
		SolutionGuid = {6AEDCC34-2DCD-4F93-B9B8-A4C65048F6B6}
	EndGlobalSection
EndGlobal
